
Microsoft Visual Studio Solution File, Format Version 12.00
# Visual Studio Version 17
VisualStudioVersion = 17.0.31903.59
MinimumVisualStudioVersion = 10.0.40219.1
Project("{FAE04EC0-301F-11D3-BF4B-00C04F79EFBC}") = "ICYOU.Core", "ICYOU.Core\ICYOU.Core.csproj", "{26AB5206-E1E4-4A09-A8B7-47D342A520C0}"
EndProject
Project("{FAE04EC0-301F-11D3-BF4B-00C04F79EFBC}") = "ICYOU.SDK", "ICYOU.SDK\ICYOU.SDK.csproj", "{C5C4002A-95B2-4C94-8E60-B16838FB2098}"
EndProject
Project("{FAE04EC0-301F-11D3-BF4B-00C04F79EFBC}") = "ICYOU.Mobile", "ICYOU.Mobile\ICYOU.Mobile.csproj", "{ED771A74-AF51-4169-9334-6E156B8700B6}"
EndProject
Project("{FAE04EC0-301F-11D3-BF4B-00C04F79EFBC}") = "ICYOU.Modules.E2E", "ICYOU.Modules.E2E\ICYOU.Modules.E2E.csproj", "{B48C2B9F-9ACD-400E-9F51-BA0B1562B53E}"
EndProject
Project("{FAE04EC0-301F-11D3-BF4B-00C04F79EFBC}") = "ICYOU.Modules.LinkPreview", "ICYOU.Modules.LinkPreview\ICYOU.Modules.LinkPreview.csproj", "{21F41D57-F9D8-4727-8061-EF4CD0CAAF9B}"
EndProject
Project("{FAE04EC0-301F-11D3-BF4B-00C04F79EFBC}") = "ICYOU.Modules.Quote", "ICYOU.Modules.Quote\ICYOU.Modules.Quote.csproj", "{A436C342-9D72-49A7-8FE0-302720F47BE6}"
EndProject
Project("{FAE04EC0-301F-11D3-BF4B-00C04F79EFBC}") = "ICYOU.SDK.Example", "ICYOU.SDK.Example\ICYOU.SDK.Example.csproj", "{D9597D72-0CD8-4946-B18D-C991084DA8C9}"
EndProject
Global
	GlobalSection(SolutionConfigurationPlatforms) = preSolution
		Debug|Any CPU = Debug|Any CPU
		Debug|x64 = Debug|x64
		Debug|x86 = Debug|x86
		Release|Any CPU = Release|Any CPU
		Release|x64 = Release|x64
		Release|x86 = Release|x86
	EndGlobalSection
	GlobalSection(ProjectConfigurationPlatforms) = postSolution
		{26AB5206-E1E4-4A09-A8B7-47D342A520C0}.Debug|Any CPU.ActiveCfg = Debug|Any CPU
		{26AB5206-E1E4-4A09-A8B7-47D342A520C0}.Debug|Any CPU.Build.0 = Debug|Any CPU
		{26AB5206-E1E4-4A09-A8B7-47D342A520C0}.Debug|x64.ActiveCfg = Debug|Any CPU
		{26AB5206-E1E4-4A09-A8B7-47D342A520C0}.Debug|x64.Build.0 = Debug|Any CPU
		{26AB5206-E1E4-4A09-A8B7-47D342A520C0}.Debug|x86.ActiveCfg = Debug|Any CPU
		{26AB5206-E1E4-4A09-A8B7-47D342A520C0}.Debug|x86.Build.0 = Debug|Any CPU
		{26AB5206-E1E4-4A09-A8B7-47D342A520C0}.Release|Any CPU.ActiveCfg = Release|Any CPU
		{26AB5206-E1E4-4A09-A8B7-47D342A520C0}.Release|Any CPU.Build.0 = Release|Any CPU
		{26AB5206-E1E4-4A09-A8B7-47D342A520C0}.Release|x64.ActiveCfg = Release|Any CPU
		{26AB5206-E1E4-4A09-A8B7-47D342A520C0}.Release|x64.Build.0 = Release|Any CPU
		{26AB5206-E1E4-4A09-A8B7-47D342A520C0}.Release|x86.ActiveCfg = Release|Any CPU
		{26AB5206-E1E4-4A09-A8B7-47D342A520C0}.Release|x86.Build.0 = Release|Any CPU
		{C5C4002A-95B2-4C94-8E60-B16838FB2098}.Debug|Any CPU.ActiveCfg = Debug|Any CPU
		{C5C4002A-95B2-4C94-8E60-B16838FB2098}.Debug|Any CPU.Build.0 = Debug|Any CPU
		{C5C4002A-95B2-4C94-8E60-B16838FB2098}.Debug|x64.ActiveCfg = Debug|Any CPU
		{C5C4002A-95B2-4C94-8E60-B16838FB2098}.Debug|x64.Build.0 = Debug|Any CPU
		{C5C4002A-95B2-4C94-8E60-B16838FB2098}.Debug|x86.ActiveCfg = Debug|Any CPU
		{C5C4002A-95B2-4C94-8E60-B16838FB2098}.Debug|x86.Build.0 = Debug|Any CPU
		{C5C4002A-95B2-4C94-8E60-B16838FB2098}.Release|Any CPU.ActiveCfg = Release|Any CPU
		{C5C4002A-95B2-4C94-8E60-B16838FB2098}.Release|Any CPU.Build.0 = Release|Any CPU
		{C5C4002A-95B2-4C94-8E60-B16838FB2098}.Release|x64.ActiveCfg = Release|Any CPU
		{C5C4002A-95B2-4C94-8E60-B16838FB2098}.Release|x64.Build.0 = Release|Any CPU
		{C5C4002A-95B2-4C94-8E60-B16838FB2098}.Release|x86.ActiveCfg = Release|Any CPU
		{C5C4002A-95B2-4C94-8E60-B16838FB2098}.Release|x86.Build.0 = Release|Any CPU
		{ED771A74-AF51-4169-9334-6E156B8700B6}.Debug|Any CPU.ActiveCfg = Debug|Any CPU
		{ED771A74-AF51-4169-9334-6E156B8700B6}.Debug|Any CPU.Build.0 = Debug|Any CPU
		{ED771A74-AF51-4169-9334-6E156B8700B6}.Debug|x64.ActiveCfg = Debug|Any CPU
		{ED771A74-AF51-4169-9334-6E156B8700B6}.Debug|x64.Build.0 = Debug|Any CPU
		{ED771A74-AF51-4169-9334-6E156B8700B6}.Debug|x86.ActiveCfg = Debug|Any CPU
		{ED771A74-AF51-4169-9334-6E156B8700B6}.Debug|x86.Build.0 = Debug|Any CPU
		{ED771A74-AF51-4169-9334-6E156B8700B6}.Release|Any CPU.ActiveCfg = Release|Any CPU
		{ED771A74-AF51-4169-9334-6E156B8700B6}.Release|Any CPU.Build.0 = Release|Any CPU
		{ED771A74-AF51-4169-9334-6E156B8700B6}.Release|x64.ActiveCfg = Release|Any CPU
		{ED771A74-AF51-4169-9334-6E156B8700B6}.Release|x64.Build.0 = Release|Any CPU
		{ED771A74-AF51-4169-9334-6E156B8700B6}.Release|x86.ActiveCfg = Release|Any CPU
		{ED771A74-AF51-4169-9334-6E156B8700B6}.Release|x86.Build.0 = Release|Any CPU
		{B48C2B9F-9ACD-400E-9F51-BA0B1562B53E}.Debug|Any CPU.ActiveCfg = Debug|Any CPU
		{B48C2B9F-9ACD-400E-9F51-BA0B1562B53E}.Debug|Any CPU.Build.0 = Debug|Any CPU
		{B48C2B9F-9ACD-400E-9F51-BA0B1562B53E}.Debug|x64.ActiveCfg = Debug|Any CPU
		{B48C2B9F-9ACD-400E-9F51-BA0B1562B53E}.Debug|x64.Build.0 = Debug|Any CPU
		{B48C2B9F-9ACD-400E-9F51-BA0B1562B53E}.Debug|x86.ActiveCfg = Debug|Any CPU
		{B48C2B9F-9ACD-400E-9F51-BA0B1562B53E}.Debug|x86.Build.0 = Debug|Any CPU
		{B48C2B9F-9ACD-400E-9F51-BA0B1562B53E}.Release|Any CPU.ActiveCfg = Release|Any CPU
		{B48C2B9F-9ACD-400E-9F51-BA0B1562B53E}.Release|Any CPU.Build.0 = Release|Any CPU
		{B48C2B9F-9ACD-400E-9F51-BA0B1562B53E}.Release|x64.ActiveCfg = Release|Any CPU
		{B48C2B9F-9ACD-400E-9F51-BA0B1562B53E}.Release|x64.Build.0 = Release|Any CPU
		{B48C2B9F-9ACD-400E-9F51-BA0B1562B53E}.Release|x86.ActiveCfg = Release|Any CPU
		{B48C2B9F-9ACD-400E-9F51-BA0B1562B53E}.Release|x86.Build.0 = Release|Any CPU
		{21F41D57-F9D8-4727-8061-EF4CD0CAAF9B}.Debug|Any CPU.ActiveCfg = Debug|Any CPU
		{21F41D57-F9D8-4727-8061-EF4CD0CAAF9B}.Debug|Any CPU.Build.0 = Debug|Any CPU
		{21F41D57-F9D8-4727-8061-EF4CD0CAAF9B}.Debug|x64.ActiveCfg = Debug|Any CPU
		{21F41D57-F9D8-4727-8061-EF4CD0CAAF9B}.Debug|x64.Build.0 = Debug|Any CPU
		{21F41D57-F9D8-4727-8061-EF4CD0CAAF9B}.Debug|x86.ActiveCfg = Debug|Any CPU
		{21F41D57-F9D8-4727-8061-EF4CD0CAAF9B}.Debug|x86.Build.0 = Debug|Any CPU
		{21F41D57-F9D8-4727-8061-EF4CD0CAAF9B}.Release|Any CPU.ActiveCfg = Release|Any CPU
		{21F41D57-F9D8-4727-8061-EF4CD0CAAF9B}.Release|Any CPU.Build.0 = Release|Any CPU
		{21F41D57-F9D8-4727-8061-EF4CD0CAAF9B}.Release|x64.ActiveCfg = Release|Any CPU
		{21F41D57-F9D8-4727-8061-EF4CD0CAAF9B}.Release|x64.Build.0 = Release|Any CPU
		{21F41D57-F9D8-4727-8061-EF4CD0CAAF9B}.Release|x86.ActiveCfg = Release|Any CPU
		{21F41D57-F9D8-4727-8061-EF4CD0CAAF9B}.Release|x86.Build.0 = Release|Any CPU
		{A436C342-9D72-49A7-8FE0-302720F47BE6}.Debug|Any CPU.ActiveCfg = Debug|Any CPU
		{A436C342-9D72-49A7-8FE0-302720F47BE6}.Debug|Any CPU.Build.0 = Debug|Any CPU
		{A436C342-9D72-49A7-8FE0-302720F47BE6}.Debug|x64.ActiveCfg = Debug|Any CPU
		{A436C342-9D72-49A7-8FE0-302720F47BE6}.Debug|x64.Build.0 = Debug|Any CPU
		{A436C342-9D72-49A7-8FE0-302720F47BE6}.Debug|x86.ActiveCfg = Debug|Any CPU
		{A436C342-9D72-49A7-8FE0-302720F47BE6}.Debug|x86.Build.0 = Debug|Any CPU
		{A436C342-9D72-49A7-8FE0-302720F47BE6}.Release|Any CPU.ActiveCfg = Release|Any CPU
		{A436C342-9D72-49A7-8FE0-302720F47BE6}.Release|Any CPU.Build.0 = Release|Any CPU
		{A436C342-9D72-49A7-8FE0-302720F47BE6}.Release|x64.ActiveCfg = Release|Any CPU
		{A436C342-9D72-49A7-8FE0-302720F47BE6}.Release|x64.Build.0 = Release|Any CPU
		{A436C342-9D72-49A7-8FE0-302720F47BE6}.Release|x86.ActiveCfg = Release|Any CPU
		{A436C342-9D72-49A7-8FE0-302720F47BE6}.Release|x86.Build.0 = Release|Any CPU
		{D9597D72-0CD8-4946-B18D-C991084DA8C9}.Debug|Any CPU.ActiveCfg = Debug|Any CPU
		{D9597D72-0CD8-4946-B18D-C991084DA8C9}.Debug|Any CPU.Build.0 = Debug|Any CPU
		{D9597D72-0CD8-4946-B18D-C991084DA8C9}.Debug|x64.ActiveCfg = Debug|Any CPU
		{D9597D72-0CD8-4946-B18D-C991084DA8C9}.Debug|x64.Build.0 = Debug|Any CPU
		{D9597D72-0CD8-4946-B18D-C991084DA8C9}.Debug|x86.ActiveCfg = Debug|Any CPU
		{D9597D72-0CD8-4946-B18D-C991084DA8C9}.Debug|x86.Build.0 = Debug|Any CPU
		{D9597D72-0CD8-4946-B18D-C991084DA8C9}.Release|Any CPU.ActiveCfg = Release|Any CPU
		{D9597D72-0CD8-4946-B18D-C991084DA8C9}.Release|Any CPU.Build.0 = Release|Any CPU
		{D9597D72-0CD8-4946-B18D-C991084DA8C9}.Release|x64.ActiveCfg = Release|Any CPU
		{D9597D72-0CD8-4946-B18D-C991084DA8C9}.Release|x64.Build.0 = Release|Any CPU
		{D9597D72-0CD8-4946-B18D-C991084DA8C9}.Release|x86.ActiveCfg = Release|Any CPU
		{D9597D72-0CD8-4946-B18D-C991084DA8C9}.Release|x86.Build.0 = Release|Any CPU
	EndGlobalSection
	GlobalSection(SolutionProperties) = preSolution
		HideSolutionNode = FALSE
	EndGlobalSection
EndGlobal
